hash: b749727086741a8adf09627805463a686ae9b26bf9eaacc07595d1eb6f025c55
updated: 2018-05-03T16:01:37.69017901+05:00
imports:
- name: github.com/julienschmidt/httprouter
  version: adbc77eec0d91467376ca515bc3a14b8434d0f18
- name: github.com/namsral/flag
  version: 67f268f20922975c067ed799e4be6bacf152208c
testImports: []
