hash: 93609c878999b5dd8322e57c55368fa4b69b4a1083ebbecfbb9fc7a9130be99b
updated: 2018-05-29T11:59:37.497971913Z
imports:
- name: github.com/julienschmidt/httprouter
  version: adbc77eec0d91467376ca515bc3a14b8434d0f18
- name: github.com/namsral/flag
  version: 67f268f20922975c067ed799e4be6bacf152208c
- name: gopkg.in/jarcoal/httpmock.v1
  version: eb84b840d3d6889d2458ceed28e3c6f0d109f6c8
testImports: []
